// !$*UTF8*$!
{
	archiveVersion = 1;
	classes = {
	};
	objectVersion = 50;
	objects = {

/* Begin PBXBuildFile section */
		520FA11820EA2DB60087C2B8 /* Info.plist in Resources */ = {isa = PBXBuildFile; fileRef = 520FA11720EA2DB60087C2B8 /* Info.plist */; };
		522A24F520EA646200D1C272 /* KakaoJoinModule.swift in Sources */ = {isa = PBXBuildFile; fileRef = 522A24F420EA646200D1C272 /* KakaoJoinModule.swift */; };
		522B10CC20E9D1F70002386D /* KakaoOpenSDK.framework in Frameworks */ = {isa = PBXBuildFile; fileRef = 522B10CB20E9D1F70002386D /* KakaoOpenSDK.framework */; };
		525FCB8120EBAE9D0076C378 /* TermViewController.swift in Sources */ = {isa = PBXBuildFile; fileRef = 525FCB8020EBAE9D0076C378 /* TermViewController.swift */; };
		52634A8420EB39D60028A33E /* JoinViewController.swift in Sources */ = {isa = PBXBuildFile; fileRef = 52634A8320EB39D60028A33E /* JoinViewController.swift */; };
		52634A8720EB4C090028A33E /* KakaoJoinViewController.swift in Sources */ = {isa = PBXBuildFile; fileRef = 52634A8620EB4C090028A33E /* KakaoJoinViewController.swift */; };
		52FBDED620E8765F00AEEB1E /* AppDelegate.swift in Sources */ = {isa = PBXBuildFile; fileRef = 52FBDED520E8765F00AEEB1E /* AppDelegate.swift */; };
		52FBDED820E8765F00AEEB1E /* LoginViewController.swift in Sources */ = {isa = PBXBuildFile; fileRef = 52FBDED720E8765F00AEEB1E /* LoginViewController.swift */; };
		52FBDEDB20E8765F00AEEB1E /* Main.storyboard in Resources */ = {isa = PBXBuildFile; fileRef = 52FBDED920E8765F00AEEB1E /* Main.storyboard */; };
		52FBDEDD20E8766000AEEB1E /* Assets.xcassets in Resources */ = {isa = PBXBuildFile; fileRef = 52FBDEDC20E8766000AEEB1E /* Assets.xcassets */; };
		52FBDEE020E8766000AEEB1E /* LaunchScreen.storyboard in Resources */ = {isa = PBXBuildFile; fileRef = 52FBDEDE20E8766000AEEB1E /* LaunchScreen.storyboard */; };
		52FBDEED20E87AC800AEEB1E /* Extension.swift in Sources */ = {isa = PBXBuildFile; fileRef = 52FBDEEC20E87AC800AEEB1E /* Extension.swift */; };
		52FBDEF020E87D2A00AEEB1E /* APIRouter.swift in Sources */ = {isa = PBXBuildFile; fileRef = 52FBDEEF20E87D2A00AEEB1E /* APIRouter.swift */; };
		52FBDEF420E8897800AEEB1E /* TabBarViewController.swift in Sources */ = {isa = PBXBuildFile; fileRef = 52FBDEF320E8897800AEEB1E /* TabBarViewController.swift */; };
		52FBDEF620E88B3C00AEEB1E /* StoreHomeViewController.swift in Sources */ = {isa = PBXBuildFile; fileRef = 52FBDEF520E88B3C00AEEB1E /* StoreHomeViewController.swift */; };
		52FBDEFA20E8929D00AEEB1E /* StoreHome.storyboard in Resources */ = {isa = PBXBuildFile; fileRef = 52FBDEF920E8929D00AEEB1E /* StoreHome.storyboard */; };
		52FBDEFC20E892BD00AEEB1E /* MyRefrigerator.storyboard in Resources */ = {isa = PBXBuildFile; fileRef = 52FBDEFB20E892BC00AEEB1E /* MyRefrigerator.storyboard */; };
		52FBDEFE20E892CB00AEEB1E /* Alert.storyboard in Resources */ = {isa = PBXBuildFile; fileRef = 52FBDEFD20E892CB00AEEB1E /* Alert.storyboard */; };
		52FBDF0020E892D600AEEB1E /* Mypage.storyboard in Resources */ = {isa = PBXBuildFile; fileRef = 52FBDEFF20E892D600AEEB1E /* Mypage.storyboard */; };
		52FBDF0720E895C600AEEB1E /* FavoriteViewController.swift in Sources */ = {isa = PBXBuildFile; fileRef = 52FBDF0620E895C600AEEB1E /* FavoriteViewController.swift */; };
		52FBDF0920E8966F00AEEB1E /* FavoriteCollectionViewCell.swift in Sources */ = {isa = PBXBuildFile; fileRef = 52FBDF0820E8966F00AEEB1E /* FavoriteCollectionViewCell.swift */; };
		D21483B9B49F6754787292FC /* Pods_FoodChain_iOS.framework in Frameworks */ = {isa = PBXBuildFile; fileRef = 6EAFA82CCCF0667A6F59C2A4 /* Pods_FoodChain_iOS.framework */; };
/* End PBXBuildFile section */

/* Begin PBXFileReference section */
		520FA11720EA2DB60087C2B8 /* Info.plist */ = {isa = PBXFileReference; fileEncoding = 4; lastKnownFileType = text.plist.xml; path = Info.plist; sourceTree = "<group>"; };
		522A24F420EA646200D1C272 /* KakaoJoinModule.swift */ = {isa = PBXFileReference; lastKnownFileType = sourcecode.swift; path = KakaoJoinModule.swift; sourceTree = "<group>"; };
		522B10CB20E9D1F70002386D /* KakaoOpenSDK.framework */ = {isa = PBXFileReference; lastKnownFileType = wrapper.framework; path = KakaoOpenSDK.framework; sourceTree = "<group>"; };
		522B10CE20E9D3FC0002386D /* KakaoOpenSDK-Bridging-Header.h */ = {isa = PBXFileReference; lastKnownFileType = sourcecode.c.h; path = "KakaoOpenSDK-Bridging-Header.h"; sourceTree = "<group>"; };
		525FCB8020EBAE9D0076C378 /* TermViewController.swift */ = {isa = PBXFileReference; lastKnownFileType = sourcecode.swift; path = TermViewController.swift; sourceTree = "<group>"; };
		52634A8320EB39D60028A33E /* JoinViewController.swift */ = {isa = PBXFileReference; lastKnownFileType = sourcecode.swift; path = JoinViewController.swift; sourceTree = "<group>"; };
		52634A8620EB4C090028A33E /* KakaoJoinViewController.swift */ = {isa = PBXFileReference; lastKnownFileType = sourcecode.swift; path = KakaoJoinViewController.swift; sourceTree = "<group>"; };
		52FBDED220E8765F00AEEB1E /* FoodChain_iOS.app */ = {isa = PBXFileReference; explicitFileType = wrapper.application; includeInIndex = 0; path = FoodChain_iOS.app; sourceTree = BUILT_PRODUCTS_DIR; };
		52FBDED520E8765F00AEEB1E /* AppDelegate.swift */ = {isa = PBXFileReference; lastKnownFileType = sourcecode.swift; path = AppDelegate.swift; sourceTree = "<group>"; };
		52FBDED720E8765F00AEEB1E /* LoginViewController.swift */ = {isa = PBXFileReference; lastKnownFileType = sourcecode.swift; path = LoginViewController.swift; sourceTree = "<group>"; };
		52FBDEDA20E8765F00AEEB1E /* Base */ = {isa = PBXFileReference; lastKnownFileType = file.storyboard; name = Base; path = Base.lproj/Main.storyboard; sourceTree = "<group>"; };
		52FBDEDC20E8766000AEEB1E /* Assets.xcassets */ = {isa = PBXFileReference; lastKnownFileType = folder.assetcatalog; path = Assets.xcassets; sourceTree = "<group>"; };
		52FBDEDF20E8766000AEEB1E /* Base */ = {isa = PBXFileReference; lastKnownFileType = file.storyboard; name = Base; path = Base.lproj/LaunchScreen.storyboard; sourceTree = "<group>"; };
		52FBDEEC20E87AC800AEEB1E /* Extension.swift */ = {isa = PBXFileReference; lastKnownFileType = sourcecode.swift; path = Extension.swift; sourceTree = "<group>"; };
		52FBDEEF20E87D2A00AEEB1E /* APIRouter.swift */ = {isa = PBXFileReference; lastKnownFileType = sourcecode.swift; path = APIRouter.swift; sourceTree = "<group>"; };
		52FBDEF320E8897800AEEB1E /* TabBarViewController.swift */ = {isa = PBXFileReference; lastKnownFileType = sourcecode.swift; path = TabBarViewController.swift; sourceTree = "<group>"; };
		52FBDEF520E88B3C00AEEB1E /* StoreHomeViewController.swift */ = {isa = PBXFileReference; lastKnownFileType = sourcecode.swift; path = StoreHomeViewController.swift; sourceTree = "<group>"; };
		52FBDEF920E8929D00AEEB1E /* StoreHome.storyboard */ = {isa = PBXFileReference; lastKnownFileType = file.storyboard; path = StoreHome.storyboard; sourceTree = "<group>"; };
		52FBDEFB20E892BC00AEEB1E /* MyRefrigerator.storyboard */ = {isa = PBXFileReference; lastKnownFileType = file.storyboard; path = MyRefrigerator.storyboard; sourceTree = "<group>"; };
		52FBDEFD20E892CB00AEEB1E /* Alert.storyboard */ = {isa = PBXFileReference; lastKnownFileType = file.storyboard; path = Alert.storyboard; sourceTree = "<group>"; };
		52FBDEFF20E892D600AEEB1E /* Mypage.storyboard */ = {isa = PBXFileReference; lastKnownFileType = file.storyboard; path = Mypage.storyboard; sourceTree = "<group>"; };
		52FBDF0620E895C600AEEB1E /* FavoriteViewController.swift */ = {isa = PBXFileReference; lastKnownFileType = sourcecode.swift; path = FavoriteViewController.swift; sourceTree = "<group>"; };
		52FBDF0820E8966F00AEEB1E /* FavoriteCollectionViewCell.swift */ = {isa = PBXFileReference; lastKnownFileType = sourcecode.swift; path = FavoriteCollectionViewCell.swift; sourceTree = "<group>"; };
		6EAFA82CCCF0667A6F59C2A4 /* Pods_FoodChain_iOS.framework */ = {isa = PBXFileReference; explicitFileType = wrapper.framework; includeInIndex = 0; path = Pods_FoodChain_iOS.framework; sourceTree = BUILT_PRODUCTS_DIR; };
		846693E43FBC91C6B9C78C4C /* Pods-FoodChain_iOS.release.xcconfig */ = {isa = PBXFileReference; includeInIndex = 1; lastKnownFileType = text.xcconfig; name = "Pods-FoodChain_iOS.release.xcconfig"; path = "Pods/Target Support Files/Pods-FoodChain_iOS/Pods-FoodChain_iOS.release.xcconfig"; sourceTree = "<group>"; };
		ED428845C85BA963E48CB7E7 /* Pods-FoodChain_iOS.debug.xcconfig */ = {isa = PBXFileReference; includeInIndex = 1; lastKnownFileType = text.xcconfig; name = "Pods-FoodChain_iOS.debug.xcconfig"; path = "Pods/Target Support Files/Pods-FoodChain_iOS/Pods-FoodChain_iOS.debug.xcconfig"; sourceTree = "<group>"; };
/* End PBXFileReference section */

/* Begin PBXFrameworksBuildPhase section */
		52FBDECF20E8765F00AEEB1E /* Frameworks */ = {
			isa = PBXFrameworksBuildPhase;
			buildActionMask = 2147483647;
			files = (
				522B10CC20E9D1F70002386D /* KakaoOpenSDK.framework in Frameworks */,
				D21483B9B49F6754787292FC /* Pods_FoodChain_iOS.framework in Frameworks */,
			);
			runOnlyForDeploymentPostprocessing = 0;
		};
/* End PBXFrameworksBuildPhase section */

/* Begin PBXGroup section */
		22F05A03CE9E51F0E43CD90F /* Frameworks */ = {
			isa = PBXGroup;
			children = (
				522B10CB20E9D1F70002386D /* KakaoOpenSDK.framework */,
				6EAFA82CCCF0667A6F59C2A4 /* Pods_FoodChain_iOS.framework */,
			);
			name = Frameworks;
			sourceTree = "<group>";
		};
		525DBD0020EB389600935E46 /* Account */ = {
			isa = PBXGroup;
			children = (
				52634A8820EB50750028A33E /* SelectFavorite */,
				52FBDED720E8765F00AEEB1E /* LoginViewController.swift */,
				52634A8320EB39D60028A33E /* JoinViewController.swift */,
				52634A8620EB4C090028A33E /* KakaoJoinViewController.swift */,
				525FCB8020EBAE9D0076C378 /* TermViewController.swift */,
			);
			path = Account;
			sourceTree = "<group>";
		};
		52634A8820EB50750028A33E /* SelectFavorite */ = {
			isa = PBXGroup;
			children = (
				52FBDF0620E895C600AEEB1E /* FavoriteViewController.swift */,
				52FBDF0820E8966F00AEEB1E /* FavoriteCollectionViewCell.swift */,
			);
			path = SelectFavorite;
			sourceTree = "<group>";
		};
		52FBDEC920E8765F00AEEB1E = {
			isa = PBXGroup;
			children = (
				52FBDED420E8765F00AEEB1E /* FoodChain_iOS */,
				52FBDED320E8765F00AEEB1E /* Products */,
				8778DFDB2C3CD7B8102485C9 /* Pods */,
				22F05A03CE9E51F0E43CD90F /* Frameworks */,
			);
			sourceTree = "<group>";
		};
		52FBDED320E8765F00AEEB1E /* Products */ = {
			isa = PBXGroup;
			children = (
				52FBDED220E8765F00AEEB1E /* FoodChain_iOS.app */,
			);
			name = Products;
			sourceTree = "<group>";
		};
		52FBDED420E8765F00AEEB1E /* FoodChain_iOS */ = {
			isa = PBXGroup;
			children = (
				52FBDEEB20E87A7200AEEB1E /* StoryBoard */,
				52FBDEEA20E87A1200AEEB1E /* Extension */,
				52FBDEE920E87A0000AEEB1E /* ViewController */,
				52FBDEE720E8797A00AEEB1E /* Module */,
				522B10CE20E9D3FC0002386D /* KakaoOpenSDK-Bridging-Header.h */,
				52FBDEE820E879FC00AEEB1E /* Support */,
			);
			path = FoodChain_iOS;
			sourceTree = "<group>";
		};
		52FBDEE720E8797A00AEEB1E /* Module */ = {
			isa = PBXGroup;
			children = (
				52FBDEEE20E87D1800AEEB1E /* Network */,
			);
			path = Module;
			sourceTree = "<group>";
		};
		52FBDEE820E879FC00AEEB1E /* Support */ = {
			isa = PBXGroup;
			children = (
				520FA11720EA2DB60087C2B8 /* Info.plist */,
				52FBDED520E8765F00AEEB1E /* AppDelegate.swift */,
				52FBDEDC20E8766000AEEB1E /* Assets.xcassets */,
			);
			path = Support;
			sourceTree = "<group>";
		};
		52FBDEE920E87A0000AEEB1E /* ViewController */ = {
			isa = PBXGroup;
			children = (
				52FBDF0120E8953200AEEB1E /* Main */,
				52FBDF0220E8954C00AEEB1E /* StoreHome */,
				52FBDF0320E8955700AEEB1E /* MyRefrigerator */,
				52FBDF0520E8957300AEEB1E /* Alert */,
				52FBDF0420E8956B00AEEB1E /* Mypage */,
			);
			path = ViewController;
			sourceTree = "<group>";
		};
		52FBDEEA20E87A1200AEEB1E /* Extension */ = {
			isa = PBXGroup;
			children = (
				52FBDEEC20E87AC800AEEB1E /* Extension.swift */,
			);
			path = Extension;
			sourceTree = "<group>";
		};
		52FBDEEB20E87A7200AEEB1E /* StoryBoard */ = {
			isa = PBXGroup;
			children = (
				52FBDED920E8765F00AEEB1E /* Main.storyboard */,
				52FBDEF920E8929D00AEEB1E /* StoreHome.storyboard */,
				52FBDEFB20E892BC00AEEB1E /* MyRefrigerator.storyboard */,
				52FBDEFD20E892CB00AEEB1E /* Alert.storyboard */,
				52FBDEFF20E892D600AEEB1E /* Mypage.storyboard */,
				52FBDEDE20E8766000AEEB1E /* LaunchScreen.storyboard */,
			);
			path = StoryBoard;
			sourceTree = "<group>";
		};
		52FBDEEE20E87D1800AEEB1E /* Network */ = {
			isa = PBXGroup;
			children = (
				52FBDEEF20E87D2A00AEEB1E /* APIRouter.swift */,
				522A24F420EA646200D1C272 /* KakaoJoinModule.swift */,
			);
			path = Network;
			sourceTree = "<group>";
		};
		52FBDF0120E8953200AEEB1E /* Main */ = {
			isa = PBXGroup;
			children = (
				525DBD0020EB389600935E46 /* Account */,
				52FBDEF320E8897800AEEB1E /* TabBarViewController.swift */,
			);
			path = Main;
			sourceTree = "<group>";
		};
		52FBDF0220E8954C00AEEB1E /* StoreHome */ = {
			isa = PBXGroup;
			children = (
				52FBDEF520E88B3C00AEEB1E /* StoreHomeViewController.swift */,
			);
			path = StoreHome;
			sourceTree = "<group>";
		};
		52FBDF0320E8955700AEEB1E /* MyRefrigerator */ = {
			isa = PBXGroup;
			children = (
			);
			path = MyRefrigerator;
			sourceTree = "<group>";
		};
		52FBDF0420E8956B00AEEB1E /* Mypage */ = {
			isa = PBXGroup;
			children = (
			);
			path = Mypage;
			sourceTree = "<group>";
		};
		52FBDF0520E8957300AEEB1E /* Alert */ = {
			isa = PBXGroup;
			children = (
			);
			path = Alert;
			sourceTree = "<group>";
		};
		8778DFDB2C3CD7B8102485C9 /* Pods */ = {
			isa = PBXGroup;
			children = (
				ED428845C85BA963E48CB7E7 /* Pods-FoodChain_iOS.debug.xcconfig */,
				846693E43FBC91C6B9C78C4C /* Pods-FoodChain_iOS.release.xcconfig */,
			);
			name = Pods;
			sourceTree = "<group>";
		};
/* End PBXGroup section */

/* Begin PBXNativeTarget section */
		52FBDED120E8765F00AEEB1E /* FoodChain_iOS */ = {
			isa = PBXNativeTarget;
			buildConfigurationList = 52FBDEE420E8766000AEEB1E /* Build configuration list for PBXNativeTarget "FoodChain_iOS" */;
			buildPhases = (
				0500214D3B0C88C6F323BE77 /* [CP] Check Pods Manifest.lock */,
				52FBDECE20E8765F00AEEB1E /* Sources */,
				52FBDECF20E8765F00AEEB1E /* Frameworks */,
				52FBDED020E8765F00AEEB1E /* Resources */,
				C50D8EA7367D7DBFDB412D3E /* [CP] Embed Pods Frameworks */,
				14AAFB4880919F156BCEA647 /* [CP] Copy Pods Resources */,
			);
			buildRules = (
			);
			dependencies = (
			);
			name = FoodChain_iOS;
			productName = FoodChain_iOS;
			productReference = 52FBDED220E8765F00AEEB1E /* FoodChain_iOS.app */;
			productType = "com.apple.product-type.application";
		};
/* End PBXNativeTarget section */

/* Begin PBXProject section */
		52FBDECA20E8765F00AEEB1E /* Project object */ = {
			isa = PBXProject;
			attributes = {
				LastSwiftUpdateCheck = 0940;
				LastUpgradeCheck = 0940;
				ORGANIZATIONNAME = "신동규";
				TargetAttributes = {
					52FBDED120E8765F00AEEB1E = {
						CreatedOnToolsVersion = 9.4.1;
						LastSwiftMigration = 0940;
					};
				};
			};
			buildConfigurationList = 52FBDECD20E8765F00AEEB1E /* Build configuration list for PBXProject "FoodChain_iOS" */;
			compatibilityVersion = "Xcode 9.3";
			developmentRegion = en;
			hasScannedForEncodings = 0;
			knownRegions = (
				en,
				Base,
			);
			mainGroup = 52FBDEC920E8765F00AEEB1E;
			productRefGroup = 52FBDED320E8765F00AEEB1E /* Products */;
			projectDirPath = "";
			projectRoot = "";
			targets = (
				52FBDED120E8765F00AEEB1E /* FoodChain_iOS */,
			);
		};
/* End PBXProject section */

/* Begin PBXResourcesBuildPhase section */
		52FBDED020E8765F00AEEB1E /* Resources */ = {
			isa = PBXResourcesBuildPhase;
			buildActionMask = 2147483647;
			files = (
				520FA11820EA2DB60087C2B8 /* Info.plist in Resources */,
				52FBDEE020E8766000AEEB1E /* LaunchScreen.storyboard in Resources */,
				52FBDF0020E892D600AEEB1E /* Mypage.storyboard in Resources */,
				52FBDEFC20E892BD00AEEB1E /* MyRefrigerator.storyboard in Resources */,
				52FBDEDD20E8766000AEEB1E /* Assets.xcassets in Resources */,
				52FBDEDB20E8765F00AEEB1E /* Main.storyboard in Resources */,
				52FBDEFA20E8929D00AEEB1E /* StoreHome.storyboard in Resources */,
				52FBDEFE20E892CB00AEEB1E /* Alert.storyboard in Resources */,
			);
			runOnlyForDeploymentPostprocessing = 0;
		};
/* End PBXResourcesBuildPhase section */

/* Begin PBXShellScriptBuildPhase section */
		0500214D3B0C88C6F323BE77 /* [CP] Check Pods Manifest.lock */ = {
			isa = PBXShellScriptBuildPhase;
			buildActionMask = 2147483647;
			files = (
			);
			inputPaths = (
				"${PODS_PODFILE_DIR_PATH}/Podfile.lock",
				"${PODS_ROOT}/Manifest.lock",
			);
			name = "[CP] Check Pods Manifest.lock";
			outputPaths = (
				"$(DERIVED_FILE_DIR)/Pods-FoodChain_iOS-checkManifestLockResult.txt",
			);
			runOnlyForDeploymentPostprocessing = 0;
			shellPath = /bin/sh;
			shellScript = "diff \"${PODS_PODFILE_DIR_PATH}/Podfile.lock\" \"${PODS_ROOT}/Manifest.lock\" > /dev/null\nif [ $? != 0 ] ; then\n    # print error to STDERR\n    echo \"error: The sandbox is not in sync with the Podfile.lock. Run 'pod install' or update your CocoaPods installation.\" >&2\n    exit 1\nfi\n# This output is used by Xcode 'outputs' to avoid re-running this script phase.\necho \"SUCCESS\" > \"${SCRIPT_OUTPUT_FILE_0}\"\n";
			showEnvVarsInLog = 0;
		};
		14AAFB4880919F156BCEA647 /* [CP] Copy Pods Resources */ = {
			isa = PBXShellScriptBuildPhase;
			buildActionMask = 2147483647;
			files = (
			);
			inputPaths = (
				"${SRCROOT}/Pods/Target Support Files/Pods-FoodChain_iOS/Pods-FoodChain_iOS-resources.sh",
				"${PODS_ROOT}/GoogleMaps/Maps/Frameworks/GoogleMaps.framework/Resources/GoogleMaps.bundle",
				"${PODS_ROOT}/GooglePlaces/Frameworks/GooglePlaces.framework/Resources/GooglePlaces.bundle",
			);
			name = "[CP] Copy Pods Resources";
			outputPaths = (
				"${TARGET_BUILD_DIR}/${UNLOCALIZED_RESOURCES_FOLDER_PATH}/GoogleMaps.bundle",
				"${TARGET_BUILD_DIR}/${UNLOCALIZED_RESOURCES_FOLDER_PATH}/GooglePlaces.bundle",
			);
			runOnlyForDeploymentPostprocessing = 0;
			shellPath = /bin/sh;
			shellScript = "\"${SRCROOT}/Pods/Target Support Files/Pods-FoodChain_iOS/Pods-FoodChain_iOS-resources.sh\"\n";
			showEnvVarsInLog = 0;
		};
		C50D8EA7367D7DBFDB412D3E /* [CP] Embed Pods Frameworks */ = {
			isa = PBXShellScriptBuildPhase;
			buildActionMask = 2147483647;
			files = (
			);
			inputPaths = (
				"${SRCROOT}/Pods/Target Support Files/Pods-FoodChain_iOS/Pods-FoodChain_iOS-frameworks.sh",
				"${BUILT_PRODUCTS_DIR}/Alamofire/Alamofire.framework",
				"${BUILT_PRODUCTS_DIR}/AlamofireObjectMapper/AlamofireObjectMapper.framework",
				"${BUILT_PRODUCTS_DIR}/Kingfisher/Kingfisher.framework",
				"${BUILT_PRODUCTS_DIR}/NVActivityIndicatorView/NVActivityIndicatorView.framework",
				"${BUILT_PRODUCTS_DIR}/ObjectMapper/ObjectMapper.framework",
				"${BUILT_PRODUCTS_DIR}/Realm/Realm.framework",
				"${BUILT_PRODUCTS_DIR}/RealmSwift/RealmSwift.framework",
				"${BUILT_PRODUCTS_DIR}/SwiftyJSON/SwiftyJSON.framework",
				"${BUILT_PRODUCTS_DIR}/Toast-Swift/Toast_Swift.framework",
			);
			name = "[CP] Embed Pods Frameworks";
			outputPaths = (
				"${TARGET_BUILD_DIR}/${FRAMEWORKS_FOLDER_PATH}/Alamofire.framework",
				"${TARGET_BUILD_DIR}/${FRAMEWORKS_FOLDER_PATH}/AlamofireObjectMapper.framework",
				"${TARGET_BUILD_DIR}/${FRAMEWORKS_FOLDER_PATH}/Kingfisher.framework",
				"${TARGET_BUILD_DIR}/${FRAMEWORKS_FOLDER_PATH}/NVActivityIndicatorView.framework",
				"${TARGET_BUILD_DIR}/${FRAMEWORKS_FOLDER_PATH}/ObjectMapper.framework",
				"${TARGET_BUILD_DIR}/${FRAMEWORKS_FOLDER_PATH}/Realm.framework",
				"${TARGET_BUILD_DIR}/${FRAMEWORKS_FOLDER_PATH}/RealmSwift.framework",
				"${TARGET_BUILD_DIR}/${FRAMEWORKS_FOLDER_PATH}/SwiftyJSON.framework",
				"${TARGET_BUILD_DIR}/${FRAMEWORKS_FOLDER_PATH}/Toast_Swift.framework",
			);
			runOnlyForDeploymentPostprocessing = 0;
			shellPath = /bin/sh;
			shellScript = "\"${SRCROOT}/Pods/Target Support Files/Pods-FoodChain_iOS/Pods-FoodChain_iOS-frameworks.sh\"\n";
			showEnvVarsInLog = 0;
		};
/* End PBXShellScriptBuildPhase section */

/* Begin PBXSourcesBuildPhase section */
		52FBDECE20E8765F00AEEB1E /* Sources */ = {
			isa = PBXSourcesBuildPhase;
			buildActionMask = 2147483647;
			files = (
				52634A8720EB4C090028A33E /* KakaoJoinViewController.swift in Sources */,
				52FBDEED20E87AC800AEEB1E /* Extension.swift in Sources */,
				52FBDEF620E88B3C00AEEB1E /* StoreHomeViewController.swift in Sources */,
				52FBDEF020E87D2A00AEEB1E /* APIRouter.swift in Sources */,
				52FBDF0720E895C600AEEB1E /* FavoriteViewController.swift in Sources */,
				52FBDF0920E8966F00AEEB1E /* FavoriteCollectionViewCell.swift in Sources */,
				525FCB8120EBAE9D0076C378 /* TermViewController.swift in Sources */,
				52FBDED820E8765F00AEEB1E /* LoginViewController.swift in Sources */,
				52FBDEF420E8897800AEEB1E /* TabBarViewController.swift in Sources */,
				522A24F520EA646200D1C272 /* KakaoJoinModule.swift in Sources */,
				52634A8420EB39D60028A33E /* JoinViewController.swift in Sources */,
				52FBDED620E8765F00AEEB1E /* AppDelegate.swift in Sources */,
			);
			runOnlyForDeploymentPostprocessing = 0;
		};
/* End PBXSourcesBuildPhase section */

/* Begin PBXVariantGroup section */
		52FBDED920E8765F00AEEB1E /* Main.storyboard */ = {
			isa = PBXVariantGroup;
			children = (
				52FBDEDA20E8765F00AEEB1E /* Base */,
			);
			name = Main.storyboard;
			sourceTree = "<group>";
		};
		52FBDEDE20E8766000AEEB1E /* LaunchScreen.storyboard */ = {
			isa = PBXVariantGroup;
			children = (
				52FBDEDF20E8766000AEEB1E /* Base */,
			);
			name = LaunchScreen.storyboard;
			sourceTree = "<group>";
		};
/* End PBXVariantGroup section */

/* Begin XCBuildConfiguration section */
		52FBDEE220E8766000AEEB1E /* Debug */ = {
			isa = XCBuildConfiguration;
			buildSettings = {
				ALWAYS_SEARCH_USER_PATHS = NO;
				CLANG_ANALYZER_NONNULL = YES;
				CLANG_ANALYZER_NUMBER_OBJECT_CONVERSION = YES_AGGRESSIVE;
				CLANG_CXX_LANGUAGE_STANDARD = "gnu++14";
				CLANG_CXX_LIBRARY = "libc++";
				CLANG_ENABLE_MODULES = YES;
				CLANG_ENABLE_OBJC_ARC = YES;
				CLANG_ENABLE_OBJC_WEAK = YES;
				CLANG_WARN_BLOCK_CAPTURE_AUTORELEASING = YES;
				CLANG_WARN_BOOL_CONVERSION = YES;
				CLANG_WARN_COMMA = YES;
				CLANG_WARN_CONSTANT_CONVERSION = YES;
				CLANG_WARN_DEPRECATED_OBJC_IMPLEMENTATIONS = YES;
				CLANG_WARN_DIRECT_OBJC_ISA_USAGE = YES_ERROR;
				CLANG_WARN_DOCUMENTATION_COMMENTS = YES;
				CLANG_WARN_EMPTY_BODY = YES;
				CLANG_WARN_ENUM_CONVERSION = YES;
				CLANG_WARN_INFINITE_RECURSION = YES;
				CLANG_WARN_INT_CONVERSION = YES;
				CLANG_WARN_NON_LITERAL_NULL_CONVERSION = YES;
				CLANG_WARN_OBJC_IMPLICIT_RETAIN_SELF = YES;
				CLANG_WARN_OBJC_LITERAL_CONVERSION = YES;
				CLANG_WARN_OBJC_ROOT_CLASS = YES_ERROR;
				CLANG_WARN_RANGE_LOOP_ANALYSIS = YES;
				CLANG_WARN_STRICT_PROTOTYPES = YES;
				CLANG_WARN_SUSPICIOUS_MOVE = YES;
				CLANG_WARN_UNGUARDED_AVAILABILITY = YES_AGGRESSIVE;
				CLANG_WARN_UNREACHABLE_CODE = YES;
				CLANG_WARN__DUPLICATE_METHOD_MATCH = YES;
				CODE_SIGN_IDENTITY = "iPhone Developer";
				COPY_PHASE_STRIP = NO;
				DEBUG_INFORMATION_FORMAT = dwarf;
				ENABLE_STRICT_OBJC_MSGSEND = YES;
				ENABLE_TESTABILITY = YES;
				GCC_C_LANGUAGE_STANDARD = gnu11;
				GCC_DYNAMIC_NO_PIC = NO;
				GCC_NO_COMMON_BLOCKS = YES;
				GCC_OPTIMIZATION_LEVEL = 0;
				GCC_PREPROCESSOR_DEFINITIONS = (
					"DEBUG=1",
					"$(inherited)",
				);
				GCC_WARN_64_TO_32_BIT_CONVERSION = YES;
				GCC_WARN_ABOUT_RETURN_TYPE = YES_ERROR;
				GCC_WARN_UNDECLARED_SELECTOR = YES;
				GCC_WARN_UNINITIALIZED_AUTOS = YES_AGGRESSIVE;
				GCC_WARN_UNUSED_FUNCTION = YES;
				GCC_WARN_UNUSED_VARIABLE = YES;
				IPHONEOS_DEPLOYMENT_TARGET = 10.0;
				MTL_ENABLE_DEBUG_INFO = YES;
				ONLY_ACTIVE_ARCH = YES;
				SDKROOT = iphoneos;
				SWIFT_ACTIVE_COMPILATION_CONDITIONS = DEBUG;
				SWIFT_OPTIMIZATION_LEVEL = "-Onone";
			};
			name = Debug;
		};
		52FBDEE320E8766000AEEB1E /* Release */ = {
			isa = XCBuildConfiguration;
			buildSettings = {
				ALWAYS_SEARCH_USER_PATHS = NO;
				CLANG_ANALYZER_NONNULL = YES;
				CLANG_ANALYZER_NUMBER_OBJECT_CONVERSION = YES_AGGRESSIVE;
				CLANG_CXX_LANGUAGE_STANDARD = "gnu++14";
				CLANG_CXX_LIBRARY = "libc++";
				CLANG_ENABLE_MODULES = YES;
				CLANG_ENABLE_OBJC_ARC = YES;
				CLANG_ENABLE_OBJC_WEAK = YES;
				CLANG_WARN_BLOCK_CAPTURE_AUTORELEASING = YES;
				CLANG_WARN_BOOL_CONVERSION = YES;
				CLANG_WARN_COMMA = YES;
				CLANG_WARN_CONSTANT_CONVERSION = YES;
				CLANG_WARN_DEPRECATED_OBJC_IMPLEMENTATIONS = YES;
				CLANG_WARN_DIRECT_OBJC_ISA_USAGE = YES_ERROR;
				CLANG_WARN_DOCUMENTATION_COMMENTS = YES;
				CLANG_WARN_EMPTY_BODY = YES;
				CLANG_WARN_ENUM_CONVERSION = YES;
				CLANG_WARN_INFINITE_RECURSION = YES;
				CLANG_WARN_INT_CONVERSION = YES;
				CLANG_WARN_NON_LITERAL_NULL_CONVERSION = YES;
				CLANG_WARN_OBJC_IMPLICIT_RETAIN_SELF = YES;
				CLANG_WARN_OBJC_LITERAL_CONVERSION = YES;
				CLANG_WARN_OBJC_ROOT_CLASS = YES_ERROR;
				CLANG_WARN_RANGE_LOOP_ANALYSIS = YES;
				CLANG_WARN_STRICT_PROTOTYPES = YES;
				CLANG_WARN_SUSPICIOUS_MOVE = YES;
				CLANG_WARN_UNGUARDED_AVAILABILITY = YES_AGGRESSIVE;
				CLANG_WARN_UNREACHABLE_CODE = YES;
				CLANG_WARN__DUPLICATE_METHOD_MATCH = YES;
				CODE_SIGN_IDENTITY = "iPhone Developer";
				COPY_PHASE_STRIP = NO;
				DEBUG_INFORMATION_FORMAT = "dwarf-with-dsym";
				ENABLE_NS_ASSERTIONS = NO;
				ENABLE_STRICT_OBJC_MSGSEND = YES;
				GCC_C_LANGUAGE_STANDARD = gnu11;
				GCC_NO_COMMON_BLOCKS = YES;
				GCC_WARN_64_TO_32_BIT_CONVERSION = YES;
				GCC_WARN_ABOUT_RETURN_TYPE = YES_ERROR;
				GCC_WARN_UNDECLARED_SELECTOR = YES;
				GCC_WARN_UNINITIALIZED_AUTOS = YES_AGGRESSIVE;
				GCC_WARN_UNUSED_FUNCTION = YES;
				GCC_WARN_UNUSED_VARIABLE = YES;
				IPHONEOS_DEPLOYMENT_TARGET = 10.0;
				MTL_ENABLE_DEBUG_INFO = NO;
				SDKROOT = iphoneos;
				SWIFT_COMPILATION_MODE = wholemodule;
				SWIFT_OPTIMIZATION_LEVEL = "-O";
				VALIDATE_PRODUCT = YES;
			};
			name = Release;
		};
		52FBDEE520E8766000AEEB1E /* Debug */ = {
			isa = XCBuildConfiguration;
			baseConfigurationReference = ED428845C85BA963E48CB7E7 /* Pods-FoodChain_iOS.debug.xcconfig */;
			buildSettings = {
				ASSETCATALOG_COMPILER_APPICON_NAME = AppIcon;
				CLANG_ENABLE_MODULES = YES;
				CODE_SIGN_STYLE = Automatic;
				DEVELOPMENT_TEAM = KB65UR5HX8;
				FRAMEWORK_SEARCH_PATHS = (
					"$(inherited)",
					"$(PROJECT_DIR)/FoodChain_iOS",
					"$(PROJECT_DIR)",
				);
				INFOPLIST_FILE = "$(SRCROOT)/FoodChain_iOS/Support/Info.plist";
				LD_RUNPATH_SEARCH_PATHS = (
					"$(inherited)",
					"@executable_path/Frameworks",
				);
				OTHER_LDFLAGS = (
					"$(inherited)",
					"-ObjC",
					"-l\"c++\"",
					"-l\"z\"",
					"-framework",
					"\"Accelerate\"",
					"-framework",
					"\"Alamofire\"",
					"-framework",
					"\"AlamofireObjectMapper\"",
					"-framework",
					"\"CoreData\"",
					"-framework",
					"\"CoreGraphics\"",
					"-framework",
					"\"CoreImage\"",
					"-framework",
					"\"CoreLocation\"",
					"-framework",
					"\"CoreTelephony\"",
					"-framework",
					"\"CoreText\"",
					"-framework",
					"\"GLKit\"",
					"-framework",
					"\"GoogleMaps\"",
					"-framework",
					"\"GoogleMapsBase\"",
					"-framework",
					"\"GoogleMapsCore\"",
					"-framework",
					"\"GooglePlaces\"",
					"-framework",
					"\"ImageIO\"",
					"-framework",
					"\"Kingfisher\"",
					"-framework",
					"\"NVActivityIndicatorView\"",
					"-framework",
					"\"ObjectMapper\"",
					"-framework",
					"\"OpenGLES\"",
					"-framework",
					"\"QuartzCore\"",
					"-framework",
					"\"Realm\"",
					"-framework",
					"\"RealmSwift\"",
					"-framework",
					"\"SwiftyJSON\"",
					"-framework",
					"\"SystemConfiguration\"",
					"-framework",
					"\"Toast_Swift\"",
					"-framework",
					"\"UIKit\"",
					"-all_load",
				);
				PRODUCT_BUNDLE_IDENTIFIER = "com.TeamFoodChain.FoodChain-iOS";
				PRODUCT_NAME = "$(TARGET_NAME)";
				SWIFT_OBJC_BRIDGING_HEADER = "./FoodChain_iOS/KakaoOpenSDK-Bridging-Header.h";
				SWIFT_OPTIMIZATION_LEVEL = "-Onone";
				SWIFT_VERSION = 4.0;
				TARGETED_DEVICE_FAMILY = "1,2";
			};
			name = Debug;
		};
		52FBDEE620E8766000AEEB1E /* Release */ = {
			isa = XCBuildConfiguration;
			baseConfigurationReference = 846693E43FBC91C6B9C78C4C /* Pods-FoodChain_iOS.release.xcconfig */;
			buildSettings = {
				ASSETCATALOG_COMPILER_APPICON_NAME = AppIcon;
				CLANG_ENABLE_MODULES = YES;
				CODE_SIGN_STYLE = Automatic;
				DEVELOPMENT_TEAM = KB65UR5HX8;
				FRAMEWORK_SEARCH_PATHS = (
					"$(inherited)",
					"$(PROJECT_DIR)/FoodChain_iOS",
					"$(PROJECT_DIR)",
				);
				INFOPLIST_FILE = "$(SRCROOT)/FoodChain_iOS/Support/Info.plist";
				LD_RUNPATH_SEARCH_PATHS = (
					"$(inherited)",
					"@executable_path/Frameworks",
				);
				OTHER_LDFLAGS = (
					"$(inherited)",
					"-ObjC",
					"-l\"c++\"",
					"-l\"z\"",
					"-framework",
					"\"Accelerate\"",
					"-framework",
					"\"Alamofire\"",
					"-framework",
					"\"AlamofireObjectMapper\"",
					"-framework",
					"\"CoreData\"",
					"-framework",
					"\"CoreGraphics\"",
					"-framework",
					"\"CoreImage\"",
					"-framework",
					"\"CoreLocation\"",
					"-framework",
					"\"CoreTelephony\"",
					"-framework",
					"\"CoreText\"",
					"-framework",
					"\"GLKit\"",
					"-framework",
					"\"GoogleMaps\"",
					"-framework",
					"\"GoogleMapsBase\"",
					"-framework",
					"\"GoogleMapsCore\"",
					"-framework",
					"\"GooglePlaces\"",
					"-framework",
					"\"ImageIO\"",
					"-framework",
					"\"Kingfisher\"",
					"-framework",
					"\"NVActivityIndicatorView\"",
					"-framework",
					"\"ObjectMapper\"",
					"-framework",
					"\"OpenGLES\"",
					"-framework",
					"\"QuartzCore\"",
					"-framework",
					"\"Realm\"",
					"-framework",
					"\"RealmSwift\"",
					"-framework",
					"\"SwiftyJSON\"",
					"-framework",
					"\"SystemConfiguration\"",
					"-framework",
					"\"Toast_Swift\"",
					"-framework",
					"\"UIKit\"",
					"-all_load",
				);
				PRODUCT_BUNDLE_IDENTIFIER = "com.TeamFoodChain.FoodChain-iOS";
				PRODUCT_NAME = "$(TARGET_NAME)";
				SWIFT_OBJC_BRIDGING_HEADER = "./FoodChain_iOS/KakaoOpenSDK-Bridging-Header.h";
				SWIFT_VERSION = 4.0;
				TARGETED_DEVICE_FAMILY = "1,2";
			};
			name = Release;
		};
/* End XCBuildConfiguration section */

/* Begin XCConfigurationList section */
		52FBDECD20E8765F00AEEB1E /* Build configuration list for PBXProject "FoodChain_iOS" */ = {
			isa = XCConfigurationList;
			buildConfigurations = (
				52FBDEE220E8766000AEEB1E /* Debug */,
				52FBDEE320E8766000AEEB1E /* Release */,
			);
			defaultConfigurationIsVisible = 0;
			defaultConfigurationName = Release;
		};
		52FBDEE420E8766000AEEB1E /* Build configuration list for PBXNativeTarget "FoodChain_iOS" */ = {
			isa = XCConfigurationList;
			buildConfigurations = (
				52FBDEE520E8766000AEEB1E /* Debug */,
				52FBDEE620E8766000AEEB1E /* Release */,
			);
			defaultConfigurationIsVisible = 0;
			defaultConfigurationName = Release;
		};
/* End XCConfigurationList section */
	};
	rootObject = 52FBDECA20E8765F00AEEB1E /* Project object */;
}
